// !$*UTF8*$!
{
	archiveVersion = 1;
	classes = {
	};
	objectVersion = 56;
	objects = {

/* Begin PBXBuildFile section */
		007B65102A1E327500B34865 /* YouKnowMeApp.swift in Sources */ = {isa = PBXBuildFile; fileRef = 007B650F2A1E327500B34865 /* YouKnowMeApp.swift */; };
		007B65122A1E327500B34865 /* ContentView.swift in Sources */ = {isa = PBXBuildFile; fileRef = 007B65112A1E327500B34865 /* ContentView.swift */; };
		007B65142A1E327600B34865 /* Assets.xcassets in Resources */ = {isa = PBXBuildFile; fileRef = 007B65132A1E327600B34865 /* Assets.xcassets */; };
		007B65172A1E327600B34865 /* Preview Assets.xcassets in Resources */ = {isa = PBXBuildFile; fileRef = 007B65162A1E327600B34865 /* Preview Assets.xcassets */; };
		007B651F2A1E34FA00B34865 /* GamjaFlower-Regular.ttf in Resources */ = {isa = PBXBuildFile; fileRef = 007B651E2A1E34FA00B34865 /* GamjaFlower-Regular.ttf */; };
		007B65222A1E3CFF00B34865 /* TestView.swift in Sources */ = {isa = PBXBuildFile; fileRef = 007B65212A1E3CFF00B34865 /* TestView.swift */; };
		007B65252A1E41DF00B34865 /* TestVIew1.swift in Sources */ = {isa = PBXBuildFile; fileRef = 007B65242A1E41DF00B34865 /* TestVIew1.swift */; };
		007B65272A1E468500B34865 /* Data.swift in Sources */ = {isa = PBXBuildFile; fileRef = 007B65262A1E468500B34865 /* Data.swift */; };
		007B65292A1E476900B34865 /* TestView2.swift in Sources */ = {isa = PBXBuildFile; fileRef = 007B65282A1E476900B34865 /* TestView2.swift */; };
		007B652D2A1E5C5200B34865 /* TestView3.swift in Sources */ = {isa = PBXBuildFile; fileRef = 007B652C2A1E5C5200B34865 /* TestView3.swift */; };
		007B652F2A1E5CC800B34865 /* TestView4.swift in Sources */ = {isa = PBXBuildFile; fileRef = 007B652E2A1E5CC800B34865 /* TestView4.swift */; };
		007B65312A1E5D5B00B34865 /* TestView5.swift in Sources */ = {isa = PBXBuildFile; fileRef = 007B65302A1E5D5B00B34865 /* TestView5.swift */; };
		007B65332A1E5E0E00B34865 /* TestView6.swift in Sources */ = {isa = PBXBuildFile; fileRef = 007B65322A1E5E0E00B34865 /* TestView6.swift */; };
		007B65352A1E5EC000B34865 /* TestView7.swift in Sources */ = {isa = PBXBuildFile; fileRef = 007B65342A1E5EC000B34865 /* TestView7.swift */; };
		007B65372A1E5F7600B34865 /* TestView8.swift in Sources */ = {isa = PBXBuildFile; fileRef = 007B65362A1E5F7600B34865 /* TestView8.swift */; };
		007B65392A1E604C00B34865 /* TestView9.swift in Sources */ = {isa = PBXBuildFile; fileRef = 007B65382A1E604C00B34865 /* TestView9.swift */; };
		007B653B2A1E60C300B34865 /* TestView10.swift in Sources */ = {isa = PBXBuildFile; fileRef = 007B653A2A1E60C300B34865 /* TestView10.swift */; };
		007B653D2A1E61A300B34865 /* TestView11.swift in Sources */ = {isa = PBXBuildFile; fileRef = 007B653C2A1E61A300B34865 /* TestView11.swift */; };
		007B653F2A1E628300B34865 /* TestView12.swift in Sources */ = {isa = PBXBuildFile; fileRef = 007B653E2A1E628300B34865 /* TestView12.swift */; };
		007B65412A1E63EB00B34865 /* ResultView.swift in Sources */ = {isa = PBXBuildFile; fileRef = 007B65402A1E63EB00B34865 /* ResultView.swift */; };
/* End PBXBuildFile section */

/* Begin PBXFileReference section */
		007B650C2A1E327500B34865 /* YouKnowMe.app */ = {isa = PBXFileReference; explicitFileType = wrapper.application; includeInIndex = 0; path = YouKnowMe.app; sourceTree = BUILT_PRODUCTS_DIR; };
		007B650F2A1E327500B34865 /* YouKnowMeApp.swift */ = {isa = PBXFileReference; lastKnownFileType = sourcecode.swift; path = YouKnowMeApp.swift; sourceTree = "<group>"; };
		007B65112A1E327500B34865 /* ContentView.swift */ = {isa = PBXFileReference; lastKnownFileType = sourcecode.swift; path = ContentView.swift; sourceTree = "<group>"; };
		007B65132A1E327600B34865 /* Assets.xcassets */ = {isa = PBXFileReference; lastKnownFileType = folder.assetcatalog; path = Assets.xcassets; sourceTree = "<group>"; };
		007B65162A1E327600B34865 /* Preview Assets.xcassets */ = {isa = PBXFileReference; lastKnownFileType = folder.assetcatalog; path = "Preview Assets.xcassets"; sourceTree = "<group>"; };
		007B651E2A1E34FA00B34865 /* GamjaFlower-Regular.ttf */ = {isa = PBXFileReference; lastKnownFileType = file; path = "GamjaFlower-Regular.ttf"; sourceTree = "<group>"; };
		007B65202A1E350A00B34865 /* Info.plist */ = {isa = PBXFileReference; lastKnownFileType = text.plist; path = Info.plist; sourceTree = "<group>"; };
		007B65212A1E3CFF00B34865 /* TestView.swift */ = {isa = PBXFileReference; lastKnownFileType = sourcecode.swift; path = TestView.swift; sourceTree = "<group>"; };
		007B65242A1E41DF00B34865 /* TestVIew1.swift */ = {isa = PBXFileReference; lastKnownFileType = sourcecode.swift; path = TestVIew1.swift; sourceTree = "<group>"; };
		007B65262A1E468500B34865 /* Data.swift */ = {isa = PBXFileReference; lastKnownFileType = sourcecode.swift; path = Data.swift; sourceTree = "<group>"; };
		007B65282A1E476900B34865 /* TestView2.swift */ = {isa = PBXFileReference; lastKnownFileType = sourcecode.swift; path = TestView2.swift; sourceTree = "<group>"; };
		007B652C2A1E5C5200B34865 /* TestView3.swift */ = {isa = PBXFileReference; lastKnownFileType = sourcecode.swift; path = TestView3.swift; sourceTree = "<group>"; };
		007B652E2A1E5CC800B34865 /* TestView4.swift */ = {isa = PBXFileReference; lastKnownFileType = sourcecode.swift; path = TestView4.swift; sourceTree = "<group>"; };
		007B65302A1E5D5B00B34865 /* TestView5.swift */ = {isa = PBXFileReference; lastKnownFileType = sourcecode.swift; path = TestView5.swift; sourceTree = "<group>"; };
		007B65322A1E5E0E00B34865 /* TestView6.swift */ = {isa = PBXFileReference; lastKnownFileType = sourcecode.swift; path = TestView6.swift; sourceTree = "<group>"; };
		007B65342A1E5EC000B34865 /* TestView7.swift */ = {isa = PBXFileReference; lastKnownFileType = sourcecode.swift; path = TestView7.swift; sourceTree = "<group>"; };
		007B65362A1E5F7600B34865 /* TestView8.swift */ = {isa = PBXFileReference; lastKnownFileType = sourcecode.swift; path = TestView8.swift; sourceTree = "<group>"; };
		007B65382A1E604C00B34865 /* TestView9.swift */ = {isa = PBXFileReference; lastKnownFileType = sourcecode.swift; path = TestView9.swift; sourceTree = "<group>"; };
		007B653A2A1E60C300B34865 /* TestView10.swift */ = {isa = PBXFileReference; lastKnownFileType = sourcecode.swift; path = TestView10.swift; sourceTree = "<group>"; };
		007B653C2A1E61A300B34865 /* TestView11.swift */ = {isa = PBXFileReference; lastKnownFileType = sourcecode.swift; path = TestView11.swift; sourceTree = "<group>"; };
		007B653E2A1E628300B34865 /* TestView12.swift */ = {isa = PBXFileReference; lastKnownFileType = sourcecode.swift; path = TestView12.swift; sourceTree = "<group>"; };
		007B65402A1E63EB00B34865 /* ResultView.swift */ = {isa = PBXFileReference; lastKnownFileType = sourcecode.swift; path = ResultView.swift; sourceTree = "<group>"; };
/* End PBXFileReference section */

/* Begin PBXFrameworksBuildPhase section */
		007B65092A1E327500B34865 /* Frameworks */ = {
			isa = PBXFrameworksBuildPhase;
			buildActionMask = 2147483647;
			files = (
			);
			runOnlyForDeploymentPostprocessing = 0;
		};
/* End PBXFrameworksBuildPhase section */

/* Begin PBXGroup section */
		007B65032A1E327500B34865 = {
			isa = PBXGroup;
			children = (
				007B650E2A1E327500B34865 /* YouKnowMe */,
				007B650D2A1E327500B34865 /* Products */,
			);
			sourceTree = "<group>";
		};
		007B650D2A1E327500B34865 /* Products */ = {
			isa = PBXGroup;
			children = (
				007B650C2A1E327500B34865 /* YouKnowMe.app */,
			);
			name = Products;
			sourceTree = "<group>";
		};
		007B650E2A1E327500B34865 /* YouKnowMe */ = {
			isa = PBXGroup;
			children = (
				007B65232A1E41C200B34865 /* View */,
				007B65202A1E350A00B34865 /* Info.plist */,
				007B651D2A1E34EE00B34865 /* Fonts */,
				007B650F2A1E327500B34865 /* YouKnowMeApp.swift */,
				007B65132A1E327600B34865 /* Assets.xcassets */,
				007B65152A1E327600B34865 /* Preview Content */,
				007B65262A1E468500B34865 /* Data.swift */,
			);
			path = YouKnowMe;
			sourceTree = "<group>";
		};
		007B65152A1E327600B34865 /* Preview Content */ = {
			isa = PBXGroup;
			children = (
				007B65162A1E327600B34865 /* Preview Assets.xcassets */,
			);
			path = "Preview Content";
			sourceTree = "<group>";
		};
		007B651D2A1E34EE00B34865 /* Fonts */ = {
			isa = PBXGroup;
			children = (
				007B651E2A1E34FA00B34865 /* GamjaFlower-Regular.ttf */,
			);
			path = Fonts;
			sourceTree = "<group>";
		};
		007B65232A1E41C200B34865 /* View */ = {
			isa = PBXGroup;
			children = (
				007B65112A1E327500B34865 /* ContentView.swift */,
				007B65212A1E3CFF00B34865 /* TestView.swift */,
				007B65242A1E41DF00B34865 /* TestVIew1.swift */,
				007B65282A1E476900B34865 /* TestView2.swift */,
				007B652C2A1E5C5200B34865 /* TestView3.swift */,
				007B652E2A1E5CC800B34865 /* TestView4.swift */,
				007B65302A1E5D5B00B34865 /* TestView5.swift */,
				007B65322A1E5E0E00B34865 /* TestView6.swift */,
				007B65342A1E5EC000B34865 /* TestView7.swift */,
				007B65362A1E5F7600B34865 /* TestView8.swift */,
				007B65382A1E604C00B34865 /* TestView9.swift */,
				007B653A2A1E60C300B34865 /* TestView10.swift */,
				007B653C2A1E61A300B34865 /* TestView11.swift */,
				007B653E2A1E628300B34865 /* TestView12.swift */,
				007B65402A1E63EB00B34865 /* ResultView.swift */,
			);
			path = View;
			sourceTree = "<group>";
		};
/* End PBXGroup section */

/* Begin PBXNativeTarget section */
		007B650B2A1E327500B34865 /* YouKnowMe */ = {
			isa = PBXNativeTarget;
			buildConfigurationList = 007B651A2A1E327600B34865 /* Build configuration list for PBXNativeTarget "YouKnowMe" */;
			buildPhases = (
				007B65082A1E327500B34865 /* Sources */,
				007B65092A1E327500B34865 /* Frameworks */,
				007B650A2A1E327500B34865 /* Resources */,
			);
			buildRules = (
			);
			dependencies = (
			);
			name = YouKnowMe;
			productName = YouKnowMe;
			productReference = 007B650C2A1E327500B34865 /* YouKnowMe.app */;
			productType = "com.apple.product-type.application";
		};
/* End PBXNativeTarget section */

/* Begin PBXProject section */
		007B65042A1E327500B34865 /* Project object */ = {
			isa = PBXProject;
			attributes = {
				BuildIndependentTargetsInParallel = 1;
				LastSwiftUpdateCheck = 1430;
				LastUpgradeCheck = 1430;
				TargetAttributes = {
					007B650B2A1E327500B34865 = {
						CreatedOnToolsVersion = 14.3;
					};
				};
			};
			buildConfigurationList = 007B65072A1E327500B34865 /* Build configuration list for PBXProject "YouKnowMe" */;
			compatibilityVersion = "Xcode 14.0";
			developmentRegion = en;
			hasScannedForEncodings = 0;
			knownRegions = (
				en,
				Base,
			);
			mainGroup = 007B65032A1E327500B34865;
			productRefGroup = 007B650D2A1E327500B34865 /* Products */;
			projectDirPath = "";
			projectRoot = "";
			targets = (
				007B650B2A1E327500B34865 /* YouKnowMe */,
			);
		};
/* End PBXProject section */

/* Begin PBXResourcesBuildPhase section */
		007B650A2A1E327500B34865 /* Resources */ = {
			isa = PBXResourcesBuildPhase;
			buildActionMask = 2147483647;
			files = (
				007B651F2A1E34FA00B34865 /* GamjaFlower-Regular.ttf in Resources */,
				007B65172A1E327600B34865 /* Preview Assets.xcassets in Resources */,
				007B65142A1E327600B34865 /* Assets.xcassets in Resources */,
			);
			runOnlyForDeploymentPostprocessing = 0;
		};
/* End PBXResourcesBuildPhase section */

/* Begin PBXSourcesBuildPhase section */
		007B65082A1E327500B34865 /* Sources */ = {
			isa = PBXSourcesBuildPhase;
			buildActionMask = 2147483647;
			files = (
				007B652D2A1E5C5200B34865 /* TestView3.swift in Sources */,
				007B653D2A1E61A300B34865 /* TestView11.swift in Sources */,
				007B65312A1E5D5B00B34865 /* TestView5.swift in Sources */,
				007B652F2A1E5CC800B34865 /* TestView4.swift in Sources */,
				007B65352A1E5EC000B34865 /* TestView7.swift in Sources */,
				007B65222A1E3CFF00B34865 /* TestView.swift in Sources */,
				007B65372A1E5F7600B34865 /* TestView8.swift in Sources */,
				007B65392A1E604C00B34865 /* TestView9.swift in Sources */,
				007B653B2A1E60C300B34865 /* TestView10.swift in Sources */,
				007B653F2A1E628300B34865 /* TestView12.swift in Sources */,
				007B65272A1E468500B34865 /* Data.swift in Sources */,
				007B65122A1E327500B34865 /* ContentView.swift in Sources */,
				007B65252A1E41DF00B34865 /* TestVIew1.swift in Sources */,
				007B65412A1E63EB00B34865 /* ResultView.swift in Sources */,
				007B65102A1E327500B34865 /* YouKnowMeApp.swift in Sources */,
				007B65292A1E476900B34865 /* TestView2.swift in Sources */,
				007B65332A1E5E0E00B34865 /* TestView6.swift in Sources */,
			);
			runOnlyForDeploymentPostprocessing = 0;
		};
/* End PBXSourcesBuildPhase section */

/* Begin XCBuildConfiguration section */
		007B65182A1E327600B34865 /* Debug */ = {
			isa = XCBuildConfiguration;
			buildSettings = {
				ALWAYS_SEARCH_USER_PATHS = NO;
				CLANG_ANALYZER_NONNULL = YES;
				CLANG_ANALYZER_NUMBER_OBJECT_CONVERSION = YES_AGGRESSIVE;
				CLANG_CXX_LANGUAGE_STANDARD = "gnu++20";
				CLANG_ENABLE_MODULES = YES;
				CLANG_ENABLE_OBJC_ARC = YES;
				CLANG_ENABLE_OBJC_WEAK = YES;
				CLANG_WARN_BLOCK_CAPTURE_AUTORELEASING = YES;
				CLANG_WARN_BOOL_CONVERSION = YES;
				CLANG_WARN_COMMA = YES;
				CLANG_WARN_CONSTANT_CONVERSION = YES;
				CLANG_WARN_DEPRECATED_OBJC_IMPLEMENTATIONS = YES;
				CLANG_WARN_DIRECT_OBJC_ISA_USAGE = YES_ERROR;
				CLANG_WARN_DOCUMENTATION_COMMENTS = YES;
				CLANG_WARN_EMPTY_BODY = YES;
				CLANG_WARN_ENUM_CONVERSION = YES;
				CLANG_WARN_INFINITE_RECURSION = YES;
				CLANG_WARN_INT_CONVERSION = YES;
				CLANG_WARN_NON_LITERAL_NULL_CONVERSION = YES;
				CLANG_WARN_OBJC_IMPLICIT_RETAIN_SELF = YES;
				CLANG_WARN_OBJC_LITERAL_CONVERSION = YES;
				CLANG_WARN_OBJC_ROOT_CLASS = YES_ERROR;
				CLANG_WARN_QUOTED_INCLUDE_IN_FRAMEWORK_HEADER = YES;
				CLANG_WARN_RANGE_LOOP_ANALYSIS = YES;
				CLANG_WARN_STRICT_PROTOTYPES = YES;
				CLANG_WARN_SUSPICIOUS_MOVE = YES;
				CLANG_WARN_UNGUARDED_AVAILABILITY = YES_AGGRESSIVE;
				CLANG_WARN_UNREACHABLE_CODE = YES;
				CLANG_WARN__DUPLICATE_METHOD_MATCH = YES;
				COPY_PHASE_STRIP = NO;
				DEBUG_INFORMATION_FORMAT = dwarf;
				ENABLE_STRICT_OBJC_MSGSEND = YES;
				ENABLE_TESTABILITY = YES;
				GCC_C_LANGUAGE_STANDARD = gnu11;
				GCC_DYNAMIC_NO_PIC = NO;
				GCC_NO_COMMON_BLOCKS = YES;
				GCC_OPTIMIZATION_LEVEL = 0;
				GCC_PREPROCESSOR_DEFINITIONS = (
					"DEBUG=1",
					"$(inherited)",
				);
				GCC_WARN_64_TO_32_BIT_CONVERSION = YES;
				GCC_WARN_ABOUT_RETURN_TYPE = YES_ERROR;
				GCC_WARN_UNDECLARED_SELECTOR = YES;
				GCC_WARN_UNINITIALIZED_AUTOS = YES_AGGRESSIVE;
				GCC_WARN_UNUSED_FUNCTION = YES;
				GCC_WARN_UNUSED_VARIABLE = YES;
				INFOPLIST_KEY_CFBundleDisplayName = "신현호 모의고사";
				IPHONEOS_DEPLOYMENT_TARGET = 15.0;
				MTL_ENABLE_DEBUG_INFO = INCLUDE_SOURCE;
				MTL_FAST_MATH = YES;
				ONLY_ACTIVE_ARCH = YES;
				SDKROOT = iphoneos;
				SWIFT_ACTIVE_COMPILATION_CONDITIONS = DEBUG;
				SWIFT_OPTIMIZATION_LEVEL = "-Onone";
			};
			name = Debug;
		};
		007B65192A1E327600B34865 /* Release */ = {
			isa = XCBuildConfiguration;
			buildSettings = {
				ALWAYS_SEARCH_USER_PATHS = NO;
				CLANG_ANALYZER_NONNULL = YES;
				CLANG_ANALYZER_NUMBER_OBJECT_CONVERSION = YES_AGGRESSIVE;
				CLANG_CXX_LANGUAGE_STANDARD = "gnu++20";
				CLANG_ENABLE_MODULES = YES;
				CLANG_ENABLE_OBJC_ARC = YES;
				CLANG_ENABLE_OBJC_WEAK = YES;
				CLANG_WARN_BLOCK_CAPTURE_AUTORELEASING = YES;
				CLANG_WARN_BOOL_CONVERSION = YES;
				CLANG_WARN_COMMA = YES;
				CLANG_WARN_CONSTANT_CONVERSION = YES;
				CLANG_WARN_DEPRECATED_OBJC_IMPLEMENTATIONS = YES;
				CLANG_WARN_DIRECT_OBJC_ISA_USAGE = YES_ERROR;
				CLANG_WARN_DOCUMENTATION_COMMENTS = YES;
				CLANG_WARN_EMPTY_BODY = YES;
				CLANG_WARN_ENUM_CONVERSION = YES;
				CLANG_WARN_INFINITE_RECURSION = YES;
				CLANG_WARN_INT_CONVERSION = YES;
				CLANG_WARN_NON_LITERAL_NULL_CONVERSION = YES;
				CLANG_WARN_OBJC_IMPLICIT_RETAIN_SELF = YES;
				CLANG_WARN_OBJC_LITERAL_CONVERSION = YES;
				CLANG_WARN_OBJC_ROOT_CLASS = YES_ERROR;
				CLANG_WARN_QUOTED_INCLUDE_IN_FRAMEWORK_HEADER = YES;
				CLANG_WARN_RANGE_LOOP_ANALYSIS = YES;
				CLANG_WARN_STRICT_PROTOTYPES = YES;
				CLANG_WARN_SUSPICIOUS_MOVE = YES;
				CLANG_WARN_UNGUARDED_AVAILABILITY = YES_AGGRESSIVE;
				CLANG_WARN_UNREACHABLE_CODE = YES;
				CLANG_WARN__DUPLICATE_METHOD_MATCH = YES;
				COPY_PHASE_STRIP = NO;
				DEBUG_INFORMATION_FORMAT = "dwarf-with-dsym";
				ENABLE_NS_ASSERTIONS = NO;
				ENABLE_STRICT_OBJC_MSGSEND = YES;
				GCC_C_LANGUAGE_STANDARD = gnu11;
				GCC_NO_COMMON_BLOCKS = YES;
				GCC_WARN_64_TO_32_BIT_CONVERSION = YES;
				GCC_WARN_ABOUT_RETURN_TYPE = YES_ERROR;
				GCC_WARN_UNDECLARED_SELECTOR = YES;
				GCC_WARN_UNINITIALIZED_AUTOS = YES_AGGRESSIVE;
				GCC_WARN_UNUSED_FUNCTION = YES;
				GCC_WARN_UNUSED_VARIABLE = YES;
				INFOPLIST_KEY_CFBundleDisplayName = "신현호 모의고사";
				IPHONEOS_DEPLOYMENT_TARGET = 15.0;
				MTL_ENABLE_DEBUG_INFO = NO;
				MTL_FAST_MATH = YES;
				SDKROOT = iphoneos;
				SWIFT_COMPILATION_MODE = wholemodule;
				SWIFT_OPTIMIZATION_LEVEL = "-O";
				VALIDATE_PRODUCT = YES;
			};
			name = Release;
		};
		007B651B2A1E327600B34865 /* Debug */ = {
			isa = XCBuildConfiguration;
			buildSettings = {
				ASSETCATALOG_COMPILER_APPICON_NAME = AppIcon;
				ASSETCATALOG_COMPILER_GLOBAL_ACCENT_COLOR_NAME = AccentColor;
				CODE_SIGN_STYLE = Automatic;
				CURRENT_PROJECT_VERSION = 2;
				DEVELOPMENT_ASSET_PATHS = "\"YouKnowMe/Preview Content\"";
				DEVELOPMENT_TEAM = 56F34CN49K;
				ENABLE_PREVIEWS = YES;
				GENERATE_INFOPLIST_FILE = YES;
				INFOPLIST_FILE = YouKnowMe/Info.plist;
				INFOPLIST_KEY_UIApplicationSceneManifest_Generation = YES;
				INFOPLIST_KEY_UIApplicationSupportsIndirectInputEvents = YES;
				INFOPLIST_KEY_UILaunchScreen_Generation = YES;
				INFOPLIST_KEY_UISupportedInterfaceOrientations_iPad = "UIInterfaceOrientationPortrait UIInterfaceOrientationPortraitUpsideDown UIInterfaceOrientationLandscapeLeft UIInterfaceOrientationLandscapeRight";
				INFOPLIST_KEY_UISupportedInterfaceOrientations_iPhone = "UIInterfaceOrientationPortrait UIInterfaceOrientationLandscapeLeft UIInterfaceOrientationLandscapeRight";
				IPHONEOS_DEPLOYMENT_TARGET = 15.0;
				LD_RUNPATH_SEARCH_PATHS = (
					"$(inherited)",
					"@executable_path/Frameworks",
				);
				MARKETING_VERSION = 1.0;
				PRODUCT_BUNDLE_IDENTIFIER = hyeon.YouKnowMe;
				PRODUCT_NAME = "$(TARGET_NAME)";
				SWIFT_EMIT_LOC_STRINGS = YES;
				SWIFT_VERSION = 5.0;
				TARGETED_DEVICE_FAMILY = "1,2";
			};
			name = Debug;
		};
		007B651C2A1E327600B34865 /* Release */ = {
			isa = XCBuildConfiguration;
			buildSettings = {
				ASSETCATALOG_COMPILER_APPICON_NAME = AppIcon;
				ASSETCATALOG_COMPILER_GLOBAL_ACCENT_COLOR_NAME = AccentColor;
				CODE_SIGN_STYLE = Automatic;
				CURRENT_PROJECT_VERSION = 2;
				DEVELOPMENT_ASSET_PATHS = "\"YouKnowMe/Preview Content\"";
				DEVELOPMENT_TEAM = 56F34CN49K;
				ENABLE_PREVIEWS = YES;
				GENERATE_INFOPLIST_FILE = YES;
				INFOPLIST_FILE = YouKnowMe/Info.plist;
				INFOPLIST_KEY_UIApplicationSceneManifest_Generation = YES;
				INFOPLIST_KEY_UIApplicationSupportsIndirectInputEvents = YES;
				INFOPLIST_KEY_UILaunchScreen_Generation = YES;
				INFOPLIST_KEY_UISupportedInterfaceOrientations_iPad = "UIInterfaceOrientationPortrait UIInterfaceOrientationPortraitUpsideDown UIInterfaceOrientationLandscapeLeft UIInterfaceOrientationLandscapeRight";
				INFOPLIST_KEY_UISupportedInterfaceOrientations_iPhone = "UIInterfaceOrientationPortrait UIInterfaceOrientationLandscapeLeft UIInterfaceOrientationLandscapeRight";
				IPHONEOS_DEPLOYMENT_TARGET = 15.0;
				LD_RUNPATH_SEARCH_PATHS = (
					"$(inherited)",
					"@executable_path/Frameworks",
				);
				MARKETING_VERSION = 1.0;
				PRODUCT_BUNDLE_IDENTIFIER = hyeon.YouKnowMe;
				PRODUCT_NAME = "$(TARGET_NAME)";
				SWIFT_EMIT_LOC_STRINGS = YES;
				SWIFT_VERSION = 5.0;
				TARGETED_DEVICE_FAMILY = "1,2";
			};
			name = Release;
		};
/* End XCBuildConfiguration section */

/* Begin XCConfigurationList section */
		007B65072A1E327500B34865 /* Build configuration list for PBXProject "YouKnowMe" */ = {
			isa = XCConfigurationList;
			buildConfigurations = (
				007B65182A1E327600B34865 /* Debug */,
				007B65192A1E327600B34865 /* Release */,
			);
			defaultConfigurationIsVisible = 0;
			defaultConfigurationName = Release;
		};
		007B651A2A1E327600B34865 /* Build configuration list for PBXNativeTarget "YouKnowMe" */ = {
			isa = XCConfigurationList;
			buildConfigurations = (
				007B651B2A1E327600B34865 /* Debug */,
				007B651C2A1E327600B34865 /* Release */,
			);
			defaultConfigurationIsVisible = 0;
			defaultConfigurationName = Release;
		};
/* End XCConfigurationList section */
	};
	rootObject = 007B65042A1E327500B34865 /* Project object */;
}
